<?xml version="1.0" encoding="utf-8"?>
<Project ToolsVersion="4.0" xmlns="http://schemas.microsoft.com/developer/msbuild/2003">
  <ItemGroup>
    <Filter Include="Source Files">
      <UniqueIdentifier>{4FC737F1-C7A5-4376-A066-2A32D752A2FF}</UniqueIdentifier>
      <Extensions>cpp;c;cc;cxx;def;odl;idl;hpj;bat;asm;asmx</Extensions>
    </Filter>
    <Filter Include="Header Files">
      <UniqueIdentifier>{93995380-89BD-4b04-88EB-625FBE52EBFB}</UniqueIdentifier>
      <Extensions>h;hh;hpp;hxx;hm;inl;inc;xsd</Extensions>
    </Filter>
    <Filter Include="Resource Files">
      <UniqueIdentifier>{67DA6AB6-F800-4c08-8B7A-83BB121AAD01}</UniqueIdentifier>
      <Extensions>rc;ico;cur;bmp;dlg;rc2;rct;bin;rgs;gif;jpg;jpeg;jpe;resx;tiff;tif;png;wav;mfcribbon-ms</Extensions>
    </Filter>
  </ItemGroup>
  <ItemGroup>
    <ClInclude Include="include\td\tdef.h">
      <Filter>Header Files</Filter>
    </ClInclude>
    <ClInclude Include="include\td\ascii.h">
      <Filter>Header Files</Filter>
    </ClInclude>
    <ClInclude Include="include\td\assert.h">
      <Filter>Header Files</Filter>
    </ClInclude>
    <ClInclude Include="include\td\math.h">
      <Filter>Header Files</Filter>
    </ClInclude>
    <ClInclude Include="include\td\mem.h">
      <Filter>Header Files</Filter>
    </ClInclude>
    <ClInclude Include="include\td\string.h">
      <Filter>Header Files</Filter>
    </ClInclude>
    <ClInclude Include="include\libtd.h">
      <Filter>Header Files</Filter>
    </ClInclude>
    <ClInclude Include="include\td\list\List_ul.h">
      <Filter>Header Files</Filter>
    </ClInclude>
    <ClInclude Include="include\td\list\List_c.h">
      <Filter>Header Files</Filter>
    </ClInclude>
    <ClInclude Include="include\td\list\List_d.h">
      <Filter>Header Files</Filter>
    </ClInclude>
    <ClInclude Include="include\td\list\List_f.h">
      <Filter>Header Files</Filter>
    </ClInclude>
    <ClInclude Include="include\td\list\List_i.h">
      <Filter>Header Files</Filter>
    </ClInclude>
    <ClInclude Include="include\td\list\List_l.h">
      <Filter>Header Files</Filter>
    </ClInclude>
    <ClInclude Include="include\td\list\List_s.h">
      <Filter>Header Files</Filter>
    </ClInclude>
    <ClInclude Include="include\td\List.h">
      <Filter>Header Files</Filter>
    </ClInclude>
    <ClInclude Include="include\td\dict\Dict_i.h">
      <Filter>Header Files</Filter>
    </ClInclude>
    <ClInclude Include="include\td\Dict.h">
      <Filter>Header Files</Filter>
    </ClInclude>
  </ItemGroup>
  <ItemGroup>
    <ClCompile Include="src\string\td_memccpy.c">
      <Filter>Source Files</Filter>
    </ClCompile>
    <ClCompile Include="src\string\td_memchr.c">
      <Filter>Source Files</Filter>
    </ClCompile>
    <ClCompile Include="src\string\td_memcmp.c">
      <Filter>Source Files</Filter>
    </ClCompile>
    <ClCompile Include="src\string\td_memcpy.c">
      <Filter>Source Files</Filter>
    </ClCompile>
    <ClCompile Include="src\string\td_memmove.c">
      <Filter>Source Files</Filter>
    </ClCompile>
    <ClCompile Include="src\string\td_memset.c">
      <Filter>Source Files</Filter>
    </ClCompile>
    <ClCompile Include="src\string\td_strdup.c">
      <Filter>Source Files</Filter>
    </ClCompile>
    <ClCompile Include="src\string\td_streq.c">
      <Filter>Source Files</Filter>
    </ClCompile>
    <ClCompile Include="src\string\td_strlen.c">
      <Filter>Source Files</Filter>
    </ClCompile>
    <ClCompile Include="src\string\td_strndup.c">
      <Filter>Source Files</Filter>
    </ClCompile>
    <ClCompile Include="src\mem\td_bcmp.c">
      <Filter>Source Files</Filter>
    </ClCompile>
    <ClCompile Include="src\mem\td_bcopy.c">
      <Filter>Source Files</Filter>
    </ClCompile>
    <ClCompile Include="src\mem\td_bzero.c">
      <Filter>Source Files</Filter>
    </ClCompile>
    <ClCompile Include="src\math\td_abs.c">
      <Filter>Source Files</Filter>
    </ClCompile>
    <ClCompile Include="src\ascii\td_digittoint.c">
      <Filter>Source Files</Filter>
    </ClCompile>
    <ClCompile Include="src\ascii\td_isalnum.c">
      <Filter>Source Files</Filter>
    </ClCompile>
    <ClCompile Include="src\ascii\td_isalpha.c">
      <Filter>Source Files</Filter>
    </ClCompile>
    <ClCompile Include="src\ascii\td_isascii.c">
      <Filter>Source Files</Filter>
    </ClCompile>
    <ClCompile Include="src\ascii\td_isblank.c">
      <Filter>Source Files</Filter>
    </ClCompile>
    <ClCompile Include="src\ascii\td_iscntrl.c">
      <Filter>Source Files</Filter>
    </ClCompile>
    <ClCompile Include="src\ascii\td_isdigit.c">
      <Filter>Source Files</Filter>
    </ClCompile>
    <ClCompile Include="src\main.c">
      <Filter>Source Files</Filter>
    </ClCompile>
    <ClCompile Include="src\list\List_c.c">
      <Filter>Source Files</Filter>
    </ClCompile>
    <ClCompile Include="src\list\List_i.c">
      <Filter>Source Files</Filter>
    </ClCompile>
    <ClCompile Include="src\list\List_f.c">
      <Filter>Source Files</Filter>
    </ClCompile>
    <ClCompile Include="src\list\List-d.c">
      <Filter>Source Files</Filter>
    </ClCompile>
    <ClCompile Include="src\list\List_l.c">
      <Filter>Source Files</Filter>
    </ClCompile>
    <ClCompile Include="src\list\List_s.c">
      <Filter>Source Files</Filter>
    </ClCompile>
    <ClCompile Include="src\list\List_ul.c">
      <Filter>Source Files</Filter>
    </ClCompile>
    <ClCompile Include="src\dict\Dict.c">
      <Filter>Source Files</Filter>
    </ClCompile>
    <ClCompile Include="src\dict\Dict_i.c">
      <Filter>Source Files</Filter>
    </ClCompile>
  </ItemGroup>
</Project>